
Microsoft Visual Studio Solution File, Format Version 12.00
# Visual Studio Version 17
VisualStudioVersion = 17.0.31903.59
MinimumVisualStudioVersion = 10.0.40219.1
Project("{2150E333-8FDC-42A3-9474-1A3956D46DE8}") = "src", "src", "{8AF6EF6B-2F00-4AB0-B23C-FDC8EB203E7E}"
EndProject
Project("{2150E333-8FDC-42A3-9474-1A3956D46DE8}") = "Core", "Core", "{286F6841-7510-4509-8C2D-57723799D267}"
EndProject
Project("{FAE04EC0-301F-11D3-BF4B-00C04F79EFBC}") = "ERP.Domain", "src\Core\ERP.Domain\ERP.Domain.csproj", "{2D30948E-21FA-4054-9A00-5D2423BDBA84}"
EndProject
Project("{FAE04EC0-301F-11D3-BF4B-00C04F79EFBC}") = "ERP.Application", "src\Core\ERP.Application\ERP.Application.csproj", "{51533455-C32C-4263-8275-4CF06E09D558}"
EndProject
Project("{2150E333-8FDC-42A3-9474-1A3956D46DE8}") = "Infrastructure", "Infrastructure", "{D7334B7A-F596-48C7-8DF6-490A42627083}"
EndProject
Project("{FAE04EC0-301F-11D3-BF4B-00C04F79EFBC}") = "ERP.Infrastructure", "src\Infrastructure\ERP.Infrastructure\ERP.Infrastructure.csproj", "{1891A4B3-2B0F-4B4A-BF75-5C61F7582DEE}"
EndProject
Project("{2150E333-8FDC-42A3-9474-1A3956D46DE8}") = "API", "API", "{26A46E0C-2F14-488F-BF73-4AEBF7B93338}"
EndProject
Project("{FAE04EC0-301F-11D3-BF4B-00C04F79EFBC}") = "ERP.API", "src\API\ERP.API\ERP.API.csproj", "{8D33E806-37B7-4D86-8B55-664A0B081B2D}"
EndProject
Global
	GlobalSection(SolutionConfigurationPlatforms) = preSolution
		Debug|Any CPU = Debug|Any CPU
		Release|Any CPU = Release|Any CPU
	EndGlobalSection
	GlobalSection(SolutionProperties) = preSolution
		HideSolutionNode = FALSE
	EndGlobalSection
	GlobalSection(ProjectConfigurationPlatforms) = postSolution
		{2D30948E-21FA-4054-9A00-5D2423BDBA84}.Debug|Any CPU.ActiveCfg = Debug|Any CPU
		{2D30948E-21FA-4054-9A00-5D2423BDBA84}.Debug|Any CPU.Build.0 = Debug|Any CPU
		{2D30948E-21FA-4054-9A00-5D2423BDBA84}.Release|Any CPU.ActiveCfg = Release|Any CPU
		{2D30948E-21FA-4054-9A00-5D2423BDBA84}.Release|Any CPU.Build.0 = Release|Any CPU
		{51533455-C32C-4263-8275-4CF06E09D558}.Debug|Any CPU.ActiveCfg = Debug|Any CPU
		{51533455-C32C-4263-8275-4CF06E09D558}.Debug|Any CPU.Build.0 = Debug|Any CPU
		{51533455-C32C-4263-8275-4CF06E09D558}.Release|Any CPU.ActiveCfg = Release|Any CPU
		{51533455-C32C-4263-8275-4CF06E09D558}.Release|Any CPU.Build.0 = Release|Any CPU
		{1891A4B3-2B0F-4B4A-BF75-5C61F7582DEE}.Debug|Any CPU.ActiveCfg = Debug|Any CPU
		{1891A4B3-2B0F-4B4A-BF75-5C61F7582DEE}.Debug|Any CPU.Build.0 = Debug|Any CPU
		{1891A4B3-2B0F-4B4A-BF75-5C61F7582DEE}.Release|Any CPU.ActiveCfg = Release|Any CPU
		{1891A4B3-2B0F-4B4A-BF75-5C61F7582DEE}.Release|Any CPU.Build.0 = Release|Any CPU
		{8D33E806-37B7-4D86-8B55-664A0B081B2D}.Debug|Any CPU.ActiveCfg = Debug|Any CPU
		{8D33E806-37B7-4D86-8B55-664A0B081B2D}.Debug|Any CPU.Build.0 = Debug|Any CPU
		{8D33E806-37B7-4D86-8B55-664A0B081B2D}.Release|Any CPU.ActiveCfg = Release|Any CPU
		{8D33E806-37B7-4D86-8B55-664A0B081B2D}.Release|Any CPU.Build.0 = Release|Any CPU
	EndGlobalSection
	GlobalSection(NestedProjects) = preSolution
		{286F6841-7510-4509-8C2D-57723799D267} = {8AF6EF6B-2F00-4AB0-B23C-FDC8EB203E7E}
		{2D30948E-21FA-4054-9A00-5D2423BDBA84} = {286F6841-7510-4509-8C2D-57723799D267}
		{51533455-C32C-4263-8275-4CF06E09D558} = {286F6841-7510-4509-8C2D-57723799D267}
		{D7334B7A-F596-48C7-8DF6-490A42627083} = {8AF6EF6B-2F00-4AB0-B23C-FDC8EB203E7E}
		{1891A4B3-2B0F-4B4A-BF75-5C61F7582DEE} = {D7334B7A-F596-48C7-8DF6-490A42627083}
		{26A46E0C-2F14-488F-BF73-4AEBF7B93338} = {8AF6EF6B-2F00-4AB0-B23C-FDC8EB203E7E}
		{8D33E806-37B7-4D86-8B55-664A0B081B2D} = {26A46E0C-2F14-488F-BF73-4AEBF7B93338}
	EndGlobalSection
EndGlobal
